// !$*UTF8*$!
{
	archiveVersion = 1;
	classes = {
	};
	objectVersion = 46;
	objects = {
/* Begin PBXBuildFile section */
		0207DA581B56EA530066E2B4 /* Images.xcassets in Resources */ = {isa = PBXBuildFile; fileRef = 0207DA571B56EA530066E2B4 /* Images.xcassets */; };
		1D3623260D0F684500981E51 /* AppDelegate.m in Sources */ = {isa = PBXBuildFile; fileRef = 1D3623250D0F684500981E51 /* AppDelegate.m */; };
		1D60589B0D05DD56006BFB54 /* main.m in Sources */ = {isa = PBXBuildFile; fileRef = 29B97316FDCFA39411CA2CEA /* main.m */; };
		301BF552109A68D80062928A /* libCordova.a in Frameworks */ = {isa = PBXBuildFile; fileRef = 301BF535109A57CC0062928A /* libCordova.a */; };
		302D95F114D2391D003F00A1 /* MainViewController.m in Sources */ = {isa = PBXBuildFile; fileRef = 302D95EF14D2391D003F00A1 /* MainViewController.m */; };
		302D95F214D2391D003F00A1 /* MainViewController.xib in Resources */ = {isa = PBXBuildFile; fileRef = 302D95F014D2391D003F00A1 /* MainViewController.xib */; };
		3047A5121AB8059700498E2A /* build-debug.xcconfig in Resources */ = {isa = PBXBuildFile; fileRef = 3047A50F1AB8059700498E2A /* build-debug.xcconfig */; };
		3047A5131AB8059700498E2A /* build-release.xcconfig in Resources */ = {isa = PBXBuildFile; fileRef = 3047A5101AB8059700498E2A /* build-release.xcconfig */; };
		3047A5141AB8059700498E2A /* build.xcconfig in Resources */ = {isa = PBXBuildFile; fileRef = 3047A5111AB8059700498E2A /* build.xcconfig */; };
		6AFF5BF91D6E424B00AB3073 /* CDVLaunchScreen.storyboard in Resources */ = {isa = PBXBuildFile; fileRef = 6AFF5BF81D6E424B00AB3073 /* CDVLaunchScreen.storyboard */; };
		C90F4A4911A446E49BB52675 /* CDVPluginExt.m in Sources */ = {isa = PBXBuildFile; fileRef = A42F7E9940BE419C89BD224C /* CDVPluginExt.m */; };
		2C452D38AAC44E3F8BD179BD /* libCordovaGenericAd.a in Frameworks */ = {isa = PBXBuildFile; fileRef = 794152FD5C7B4E77BB36211B /* libCordovaGenericAd.a */; };
		FB2D58DCC01846A3A0995151 /* CFNetwork.framework in Frameworks */ = {isa = PBXBuildFile; fileRef = 5640408C6F0C44F7AF072282 /* CFNetwork.framework */; };
		A351C125289845D68D777AE0 /* CDVAdMobPlugin.m in Sources */ = {isa = PBXBuildFile; fileRef = 0222298D4F964B37979F631E /* CDVAdMobPlugin.m */; };
		6C858FA32B4B4796A8615760 /* AdMobMediation.m in Sources */ = {isa = PBXBuildFile; fileRef = 5FBA7EC6043C47E596BA6BAD /* AdMobMediation.m */; };
		846FDB8CB0C04AB385F2B803 /* GoogleMobileAds.framework in Frameworks */ = {isa = PBXBuildFile; fileRef = 29F8534A82B14FD8862C71E5 /* GoogleMobileAds.framework */; };
		54864BD21C5E4EF598FDD9A2 /* AdSupport.framework in Frameworks */ = {isa = PBXBuildFile; fileRef = 4A6F82AD62A6452BA7BA781B /* AdSupport.framework */; };
		87D9A30BD4244C49B349A363 /* AudioToolbox.framework in Frameworks */ = {isa = PBXBuildFile; fileRef = 6651C6FA9EB44450B2275ECE /* AudioToolbox.framework */; };
		88F539F7534845E59DE79722 /* AVFoundation.framework in Frameworks */ = {isa = PBXBuildFile; fileRef = FF1805E9383844D4BBBD74BD /* AVFoundation.framework */; };
		86043A263F5C49769F7F8A0A /* CoreBluetooth.framework in Frameworks */ = {isa = PBXBuildFile; fileRef = D9171D0EB7C14B28990B7224 /* CoreBluetooth.framework */; };
		C924271FAFD54DBE92F20A18 /* CoreLocation.framework in Frameworks */ = {isa = PBXBuildFile; fileRef = 0A810C631F954AA187DE1191 /* CoreLocation.framework */; };
		2395FBA81E91426898374C0C /* CoreMedia.framework in Frameworks */ = {isa = PBXBuildFile; fileRef = 848EAD8CFF83438192D26BBD /* CoreMedia.framework */; };
		CD0B548E56A54A72ACD4E389 /* CoreMotion.framework in Frameworks */ = {isa = PBXBuildFile; fileRef = F24B15AC83324A05B356A76A /* CoreMotion.framework */; };
		08E1C32DDF204F16B33EEC11 /* CoreTelephony.framework in Frameworks */ = {isa = PBXBuildFile; fileRef = 11821D6CA3EC4A7CBFA3A2D5 /* CoreTelephony.framework */; };
		8924D457BA054015A93BF907 /* CoreVideo.framework in Frameworks */ = {isa = PBXBuildFile; fileRef = D9BD85B3CEB44AD885CF1EF5 /* CoreVideo.framework */; };
		C6D57AC1EDD940B98672C988 /* EventKit.framework in Frameworks */ = {isa = PBXBuildFile; fileRef = 98746C9D11074872BE444F75 /* EventKit.framework */; };
		3EB13C87668044C888A79DD3 /* EventKitUI.framework in Frameworks */ = {isa = PBXBuildFile; fileRef = 7C4FE7F1B9F94E66B157337F /* EventKitUI.framework */; };
		9A24600E27E449459B0E11D3 /* Foundation.framework in Frameworks */ = {isa = PBXBuildFile; fileRef = A1D37EE0DB474753A7218A2F /* Foundation.framework */; };
		5B99CBD249E445D39082734D /* GLKit.framework in Frameworks */ = {isa = PBXBuildFile; fileRef = ED9AA73AF73C4892BF4EECFB /* GLKit.framework */; };
		AF3C9412725045DC99003C2C /* MediaPlayer.framework in Frameworks */ = {isa = PBXBuildFile; fileRef = E10EE78C50B949F884F63D80 /* MediaPlayer.framework */; };
		C5AB1820E3764E8A9AC3BE34 /* MessageUI.framework in Frameworks */ = {isa = PBXBuildFile; fileRef = 0C851691A9404BD7AA7C18D2 /* MessageUI.framework */; };
		17A123FCCC9B41A0915D765A /* OpenGLES.framework in Frameworks */ = {isa = PBXBuildFile; fileRef = CDACA996ED064ABB80FB1744 /* OpenGLES.framework */; };
		7392130C15DD4CA7804A224F /* SafariServices.framework in Frameworks */ = {isa = PBXBuildFile; fileRef = EEA5008F0069478DBEE98536 /* SafariServices.framework */; };
		D44DF663575C47D0A9B09664 /* StoreKit.framework in Frameworks */ = {isa = PBXBuildFile; fileRef = 405E197327EB444B82E76F84 /* StoreKit.framework */; };
		B978C5079A224561931DEEF5 /* SystemConfiguration.framework in Frameworks */ = {isa = PBXBuildFile; fileRef = EC4A9FA5D1B94C569466E16E /* SystemConfiguration.framework */; };
		0E501B081CB241D99F7A7730 /* UIKit.framework in Frameworks */ = {isa = PBXBuildFile; fileRef = 996DE0AEC22F4429A9959AA7 /* UIKit.framework */; };
		0BD92E93F512485884CE2137 /* OneSignalPush.h in Resources */ = {isa = PBXBuildFile; fileRef = 7A0C234FFB6446FCB919B73F /* OneSignalPush.h */; };
		98F181C5A2AD4951B89C252F /* OneSignalSelectorHelpers.h in Resources */ = {isa = PBXBuildFile; fileRef = 4E03007C2AAD4D33959890BF /* OneSignalSelectorHelpers.h */; };
		E21E49A172D240C2BE8B81BD /* UNUserNotificationCenter+OneSignal.h in Resources */ = {isa = PBXBuildFile; fileRef = 5B12A3A7F0FB4716B5E114B4 /* UNUserNotificationCenter+OneSignal.h */; };
		2B90F071B3604E2290FA4856 /* UIApplicationDelegate+OneSignal.h in Resources */ = {isa = PBXBuildFile; fileRef = A8CF1063C2734A289C95ED46 /* UIApplicationDelegate+OneSignal.h */; };
		3CDA5E8339884ABC892DDF6F /* OneSignal.m in Sources */ = {isa = PBXBuildFile; fileRef = FE83BBE641134AE8B866EB5E /* OneSignal.m */; };
		CD3ED53E8687464498B79043 /* OneSignalHTTPClient.m in Sources */ = {isa = PBXBuildFile; fileRef = DB1E27752BD548D1997B1414 /* OneSignalHTTPClient.m */; };
		5776B1C32067461895C8359B /* OneSignalTrackIAP.m in Sources */ = {isa = PBXBuildFile; fileRef = 9D59670DD77943C68BCC0689 /* OneSignalTrackIAP.m */; };
		8C83564A2571494FA25FA8BC /* OneSignalJailbreakDetection.m in Sources */ = {isa = PBXBuildFile; fileRef = A3A1AD19863246DEABF35C15 /* OneSignalJailbreakDetection.m */; };
		7B6B9D3DF8D64577A9641BB8 /* OneSignalReachability.m in Sources */ = {isa = PBXBuildFile; fileRef = 88420E19C07D45F4AACAEE12 /* OneSignalReachability.m */; };
		4A0C68EEE2344540B8FD76B5 /* OneSignalMobileProvision.m in Sources */ = {isa = PBXBuildFile; fileRef = 9C5FE02F1C3E46D884630A93 /* OneSignalMobileProvision.m */; };
		75F03AD376AC409091A6D10B /* OneSignalLocation.m in Sources */ = {isa = PBXBuildFile; fileRef = FC75437B1DC847779B85EEDD /* OneSignalLocation.m */; };
		F9541EC10FD941CD8BCA75A5 /* OneSignalAlertViewDelegate.m in Sources */ = {isa = PBXBuildFile; fileRef = 4B1DA45B71A24B52926739C0 /* OneSignalAlertViewDelegate.m */; };
		478B4FF63A6E4DC7A8DD2C27 /* OneSignalTracker.m in Sources */ = {isa = PBXBuildFile; fileRef = 50EF56C196EC41E4A0CFFE36 /* OneSignalTracker.m */; };
		82CCB74B2931400B9622A03B /* OneSignalHelper.m in Sources */ = {isa = PBXBuildFile; fileRef = C0F3E019F43B4F1C97D2DC6F /* OneSignalHelper.m */; };
		508FBC71A3084EBA9BC48231 /* OneSignalWebView.m in Sources */ = {isa = PBXBuildFile; fileRef = E63B6CC33B274C0395501103 /* OneSignalWebView.m */; };
		DC78CBA96EB94230B619486A /* OneSignalPush.m in Sources */ = {isa = PBXBuildFile; fileRef = C306E32380E7438CB6693722 /* OneSignalPush.m */; };
		496A0D360E60475B991A9431 /* OneSignalSelectorHelpers.m in Sources */ = {isa = PBXBuildFile; fileRef = 726C184B8D3D47D0BEA89B6C /* OneSignalSelectorHelpers.m */; };
		0E479BBA8BDD41639C938CDC /* UNUserNotificationCenter+OneSignal.m in Sources */ = {isa = PBXBuildFile; fileRef = E56A4E685D654968815EF0E0 /* UNUserNotificationCenter+OneSignal.m */; };
		47D2260884514F6381536501 /* UIApplicationDelegate+OneSignal.m in Sources */ = {isa = PBXBuildFile; fileRef = C0491847C53147408EF97238 /* UIApplicationDelegate+OneSignal.m */; };
/* End PBXBuildFile section */

/* Begin PBXContainerItemProxy section */
		301BF534109A57CC0062928A /* PBXContainerItemProxy */ = {
			isa = PBXContainerItemProxy;
			containerPortal = 301BF52D109A57CC0062928A /* CordovaLib.xcodeproj */;
			proxyType = 2;
			remoteGlobalIDString = D2AAC07E0554694100DB518D;
			remoteInfo = CordovaLib;
		};
		301BF550109A68C00062928A /* PBXContainerItemProxy */ = {
			isa = PBXContainerItemProxy;
			containerPortal = 301BF52D109A57CC0062928A /* CordovaLib.xcodeproj */;
			proxyType = 1;
			remoteGlobalIDString = D2AAC07D0554694100DB518D;
			remoteInfo = CordovaLib;
		};
/* End PBXContainerItemProxy section */

/* Begin PBXFileReference section */
		0207DA571B56EA530066E2B4 /* Images.xcassets */ = {isa = PBXFileReference; lastKnownFileType = folder.assetcatalog; name = Images.xcassets; path = "HelloWorld/Images.xcassets"; sourceTree = SOURCE_ROOT; };
		1D3623240D0F684500981E51 /* AppDelegate.h */ = {isa = PBXFileReference; fileEncoding = 4; lastKnownFileType = sourcecode.c.h; path = AppDelegate.h; sourceTree = "<group>"; };
		1D3623250D0F684500981E51 /* AppDelegate.m */ = {isa = PBXFileReference; fileEncoding = 4; lastKnownFileType = sourcecode.c.objc; path = AppDelegate.m; sourceTree = "<group>"; };
		1D6058910D05DD3D006BFB54 /* HelloWorld.app */ = {isa = PBXFileReference; explicitFileType = wrapper.application; includeInIndex = 0; path = "HelloWorld.app"; sourceTree = BUILT_PRODUCTS_DIR; };
		29B97316FDCFA39411CA2CEA /* main.m */ = {isa = PBXFileReference; fileEncoding = 4; lastKnownFileType = sourcecode.c.objc; path = main.m; sourceTree = "<group>"; };
		301BF52D109A57CC0062928A /* CordovaLib.xcodeproj */ = {isa = PBXFileReference; lastKnownFileType = "wrapper.pb-project"; path = CordovaLib/CordovaLib.xcodeproj; sourceTree = "<group>"; };
		301BF56E109A69640062928A /* www */ = {isa = PBXFileReference; lastKnownFileType = folder; path = www; sourceTree = SOURCE_ROOT; };
		302D95EE14D2391D003F00A1 /* MainViewController.h */ = {isa = PBXFileReference; fileEncoding = 4; lastKnownFileType = sourcecode.c.h; path = MainViewController.h; sourceTree = "<group>"; };
		302D95EF14D2391D003F00A1 /* MainViewController.m */ = {isa = PBXFileReference; fileEncoding = 4; lastKnownFileType = sourcecode.c.objc; path = MainViewController.m; sourceTree = "<group>"; };
		302D95F014D2391D003F00A1 /* MainViewController.xib */ = {isa = PBXFileReference; fileEncoding = 4; lastKnownFileType = file.xib; path = MainViewController.xib; sourceTree = "<group>"; };
		3047A50F1AB8059700498E2A /* build-debug.xcconfig */ = {isa = PBXFileReference; fileEncoding = 4; lastKnownFileType = text.xcconfig; name = "build-debug.xcconfig"; path = cordova/build-debug.xcconfig; sourceTree = SOURCE_ROOT; };
		3047A5101AB8059700498E2A /* build-release.xcconfig */ = {isa = PBXFileReference; fileEncoding = 4; lastKnownFileType = text.xcconfig; name = "build-release.xcconfig"; path = cordova/build-release.xcconfig; sourceTree = SOURCE_ROOT; };
		3047A5111AB8059700498E2A /* build.xcconfig */ = {isa = PBXFileReference; fileEncoding = 4; lastKnownFileType = text.xcconfig; name = build.xcconfig; path = cordova/build.xcconfig; sourceTree = SOURCE_ROOT; };
		32CA4F630368D1EE00C91783 /* HelloWorld-Prefix.pch */ = {isa = PBXFileReference; fileEncoding = 4; lastKnownFileType = sourcecode.c.h; path = "HelloWorld-Prefix.pch"; sourceTree = "<group>"; };
		6AFF5BF81D6E424B00AB3073 /* CDVLaunchScreen.storyboard */ = {isa = PBXFileReference; fileEncoding = 4; lastKnownFileType = file.storyboard; name = CDVLaunchScreen.storyboard; path = "HelloWorld/CDVLaunchScreen.storyboard"; sourceTree = SOURCE_ROOT; };
		8D1107310486CEB800E47090 /* HelloWorld-Info.plist */ = {isa = PBXFileReference; fileEncoding = 4; lastKnownFileType = text.plist.xml; name = "HelloWorld-Info.plist"; path = "HelloWorld/HelloWorld-Info.plist"; plistStructureDefinitionIdentifier = "com.apple.xcode.plist.structure-definition.iphone.info-plist"; sourceTree = SOURCE_ROOT; };
		EB87FDF31871DA8E0020F90C /* www */ = {isa = PBXFileReference; lastKnownFileType = folder; name = www; path = ../../www; sourceTree = "<group>"; };
		EB87FDF41871DAF40020F90C /* config.xml */ = {isa = PBXFileReference; lastKnownFileType = text.xml; name = config.xml; path = ../../config.xml; sourceTree = "<group>"; };
		F840E1F0165FE0F500CFE078 /* config.xml */ = {isa = PBXFileReference; lastKnownFileType = text.xml; name = config.xml; path = "HelloWorld/config.xml"; sourceTree = "<group>"; };
		ED33DF2A687741AEAF9F8254 /* Bridging-Header.h */ = {isa = PBXFileReference; fileEncoding = 4; lastKnownFileType = sourcecode.c.h; name = "Bridging-Header.h"; path = "Bridging-Header.h"; sourceTree = "<group>"; };
		A42F7E9940BE419C89BD224C /* CDVPluginExt.m */ = {isa = PBXFileReference; name = "CDVPluginExt.m"; path = "cordova-plugin-extension/CDVPluginExt.m"; sourceTree = "<group>"; fileEncoding = 4; lastKnownFileType = sourcecode.c.objc; explicitFileType = undefined; includeInIndex = 0; };
		794152FD5C7B4E77BB36211B /* libCordovaGenericAd.a */ = {isa = PBXFileReference; name = "libCordovaGenericAd.a"; path = "HelloWorld/Plugins/cordova-plugin-extension/libCordovaGenericAd.a"; sourceTree = "<group>"; fileEncoding = undefined; lastKnownFileType = archive.ar; explicitFileType = undefined; includeInIndex = 0; };
		023649CA3B0642A99C7DFBE8 /* PluginAdapterDelegate.h */ = {isa = PBXFileReference; name = "PluginAdapterDelegate.h"; path = "cordova-plugin-extension/PluginAdapterDelegate.h"; sourceTree = "<group>"; fileEncoding = 4; lastKnownFileType = sourcecode.c.h; explicitFileType = undefined; includeInIndex = 0; };
		0596758962B74220A709F325 /* CDVPluginExt.h */ = {isa = PBXFileReference; name = "CDVPluginExt.h"; path = "cordova-plugin-extension/CDVPluginExt.h"; sourceTree = "<group>"; fileEncoding = 4; lastKnownFileType = sourcecode.c.h; explicitFileType = undefined; includeInIndex = 0; };
		EB290150D86B406BA5ABF86F /* GenericAdPlugin.h */ = {isa = PBXFileReference; name = "GenericAdPlugin.h"; path = "cordova-plugin-extension/GenericAdPlugin.h"; sourceTree = "<group>"; fileEncoding = 4; lastKnownFileType = sourcecode.c.h; explicitFileType = undefined; includeInIndex = 0; };
		5640408C6F0C44F7AF072282 /* CFNetwork.framework */ = {isa = PBXFileReference; name = "CFNetwork.framework"; path = "System/Library/Frameworks/CFNetwork.framework"; sourceTree = SDKROOT; fileEncoding = undefined; lastKnownFileType = wrapper.framework; explicitFileType = undefined; includeInIndex = 0; };
		0222298D4F964B37979F631E /* CDVAdMobPlugin.m */ = {isa = PBXFileReference; name = "CDVAdMobPlugin.m"; path = "cordova-plugin-admobpro/CDVAdMobPlugin.m"; sourceTree = "<group>"; fileEncoding = 4; lastKnownFileType = sourcecode.c.objc; explicitFileType = undefined; includeInIndex = 0; };
		5FBA7EC6043C47E596BA6BAD /* AdMobMediation.m */ = {isa = PBXFileReference; name = "AdMobMediation.m"; path = "cordova-plugin-admobpro/AdMobMediation.m"; sourceTree = "<group>"; fileEncoding = 4; lastKnownFileType = sourcecode.c.objc; explicitFileType = undefined; includeInIndex = 0; };
		13CDE3170B8C485BAE458D7B /* CDVAdMobPlugin.h */ = {isa = PBXFileReference; name = "CDVAdMobPlugin.h"; path = "cordova-plugin-admobpro/CDVAdMobPlugin.h"; sourceTree = "<group>"; fileEncoding = 4; lastKnownFileType = sourcecode.c.h; explicitFileType = undefined; includeInIndex = 0; };
		C47A7BCC825B46719105382F /* AdMobMediation.h */ = {isa = PBXFileReference; name = "AdMobMediation.h"; path = "cordova-plugin-admobpro/AdMobMediation.h"; sourceTree = "<group>"; fileEncoding = 4; lastKnownFileType = sourcecode.c.h; explicitFileType = undefined; includeInIndex = 0; };
		29F8534A82B14FD8862C71E5 /* GoogleMobileAds.framework */ = {isa = PBXFileReference; name = "GoogleMobileAds.framework"; path = "HelloWorld/Plugins/cordova-plugin-admobpro/GoogleMobileAds.framework"; sourceTree = "<group>"; fileEncoding = undefined; lastKnownFileType = wrapper.framework; explicitFileType = undefined; includeInIndex = 0; };
		4A6F82AD62A6452BA7BA781B /* AdSupport.framework */ = {isa = PBXFileReference; name = "AdSupport.framework"; path = "System/Library/Frameworks/AdSupport.framework"; sourceTree = SDKROOT; fileEncoding = undefined; lastKnownFileType = wrapper.framework; explicitFileType = undefined; includeInIndex = 0; };
		6651C6FA9EB44450B2275ECE /* AudioToolbox.framework */ = {isa = PBXFileReference; name = "AudioToolbox.framework"; path = "System/Library/Frameworks/AudioToolbox.framework"; sourceTree = SDKROOT; fileEncoding = undefined; lastKnownFileType = wrapper.framework; explicitFileType = undefined; includeInIndex = 0; };
		FF1805E9383844D4BBBD74BD /* AVFoundation.framework */ = {isa = PBXFileReference; name = "AVFoundation.framework"; path = "System/Library/Frameworks/AVFoundation.framework"; sourceTree = SDKROOT; fileEncoding = undefined; lastKnownFileType = wrapper.framework; explicitFileType = undefined; includeInIndex = 0; };
		D9171D0EB7C14B28990B7224 /* CoreBluetooth.framework */ = {isa = PBXFileReference; name = "CoreBluetooth.framework"; path = "System/Library/Frameworks/CoreBluetooth.framework"; sourceTree = SDKROOT; fileEncoding = undefined; lastKnownFileType = wrapper.framework; explicitFileType = undefined; includeInIndex = 0; };
		0A810C631F954AA187DE1191 /* CoreLocation.framework */ = {isa = PBXFileReference; name = "CoreLocation.framework"; path = "System/Library/Frameworks/CoreLocation.framework"; sourceTree = SDKROOT; fileEncoding = undefined; lastKnownFileType = wrapper.framework; explicitFileType = undefined; includeInIndex = 0; };
		848EAD8CFF83438192D26BBD /* CoreMedia.framework */ = {isa = PBXFileReference; name = "CoreMedia.framework"; path = "System/Library/Frameworks/CoreMedia.framework"; sourceTree = SDKROOT; fileEncoding = undefined; lastKnownFileType = wrapper.framework; explicitFileType = undefined; includeInIndex = 0; };
		F24B15AC83324A05B356A76A /* CoreMotion.framework */ = {isa = PBXFileReference; name = "CoreMotion.framework"; path = "System/Library/Frameworks/CoreMotion.framework"; sourceTree = SDKROOT; fileEncoding = undefined; lastKnownFileType = wrapper.framework; explicitFileType = undefined; includeInIndex = 0; };
		11821D6CA3EC4A7CBFA3A2D5 /* CoreTelephony.framework */ = {isa = PBXFileReference; name = "CoreTelephony.framework"; path = "System/Library/Frameworks/CoreTelephony.framework"; sourceTree = SDKROOT; fileEncoding = undefined; lastKnownFileType = wrapper.framework; explicitFileType = undefined; includeInIndex = 0; };
		D9BD85B3CEB44AD885CF1EF5 /* CoreVideo.framework */ = {isa = PBXFileReference; name = "CoreVideo.framework"; path = "System/Library/Frameworks/CoreVideo.framework"; sourceTree = SDKROOT; fileEncoding = undefined; lastKnownFileType = wrapper.framework; explicitFileType = undefined; includeInIndex = 0; };
		98746C9D11074872BE444F75 /* EventKit.framework */ = {isa = PBXFileReference; name = "EventKit.framework"; path = "System/Library/Frameworks/EventKit.framework"; sourceTree = SDKROOT; fileEncoding = undefined; lastKnownFileType = wrapper.framework; explicitFileType = undefined; includeInIndex = 0; };
		7C4FE7F1B9F94E66B157337F /* EventKitUI.framework */ = {isa = PBXFileReference; name = "EventKitUI.framework"; path = "System/Library/Frameworks/EventKitUI.framework"; sourceTree = SDKROOT; fileEncoding = undefined; lastKnownFileType = wrapper.framework; explicitFileType = undefined; includeInIndex = 0; };
		A1D37EE0DB474753A7218A2F /* Foundation.framework */ = {isa = PBXFileReference; name = "Foundation.framework"; path = "System/Library/Frameworks/Foundation.framework"; sourceTree = SDKROOT; fileEncoding = undefined; lastKnownFileType = wrapper.framework; explicitFileType = undefined; includeInIndex = 0; };
		ED9AA73AF73C4892BF4EECFB /* GLKit.framework */ = {isa = PBXFileReference; name = "GLKit.framework"; path = "System/Library/Frameworks/GLKit.framework"; sourceTree = SDKROOT; fileEncoding = undefined; lastKnownFileType = wrapper.framework; explicitFileType = undefined; includeInIndex = 0; };
		E10EE78C50B949F884F63D80 /* MediaPlayer.framework */ = {isa = PBXFileReference; name = "MediaPlayer.framework"; path = "System/Library/Frameworks/MediaPlayer.framework"; sourceTree = SDKROOT; fileEncoding = undefined; lastKnownFileType = wrapper.framework; explicitFileType = undefined; includeInIndex = 0; };
		0C851691A9404BD7AA7C18D2 /* MessageUI.framework */ = {isa = PBXFileReference; name = "MessageUI.framework"; path = "System/Library/Frameworks/MessageUI.framework"; sourceTree = SDKROOT; fileEncoding = undefined; lastKnownFileType = wrapper.framework; explicitFileType = undefined; includeInIndex = 0; };
		CDACA996ED064ABB80FB1744 /* OpenGLES.framework */ = {isa = PBXFileReference; name = "OpenGLES.framework"; path = "System/Library/Frameworks/OpenGLES.framework"; sourceTree = SDKROOT; fileEncoding = undefined; lastKnownFileType = wrapper.framework; explicitFileType = undefined; includeInIndex = 0; };
		EEA5008F0069478DBEE98536 /* SafariServices.framework */ = {isa = PBXFileReference; name = "SafariServices.framework"; path = "System/Library/Frameworks/SafariServices.framework"; sourceTree = SDKROOT; fileEncoding = undefined; lastKnownFileType = wrapper.framework; explicitFileType = undefined; includeInIndex = 0; };
		405E197327EB444B82E76F84 /* StoreKit.framework */ = {isa = PBXFileReference; name = "StoreKit.framework"; path = "System/Library/Frameworks/StoreKit.framework"; sourceTree = SDKROOT; fileEncoding = undefined; lastKnownFileType = wrapper.framework; explicitFileType = undefined; includeInIndex = 0; };
		EC4A9FA5D1B94C569466E16E /* SystemConfiguration.framework */ = {isa = PBXFileReference; name = "SystemConfiguration.framework"; path = "System/Library/Frameworks/SystemConfiguration.framework"; sourceTree = SDKROOT; fileEncoding = undefined; lastKnownFileType = wrapper.framework; explicitFileType = undefined; includeInIndex = 0; };
		996DE0AEC22F4429A9959AA7 /* UIKit.framework */ = {isa = PBXFileReference; name = "UIKit.framework"; path = "System/Library/Frameworks/UIKit.framework"; sourceTree = SDKROOT; fileEncoding = undefined; lastKnownFileType = wrapper.framework; explicitFileType = undefined; includeInIndex = 0; };
		7A0C234FFB6446FCB919B73F /* OneSignalPush.h */ = {isa = PBXFileReference; name = "OneSignalPush.h"; path = "onesignal-cordova-plugin-pgb-compat/OneSignalPush.h"; sourceTree = "<group>"; fileEncoding = 4; lastKnownFileType = sourcecode.c.h; explicitFileType = undefined; includeInIndex = 0; };
		4E03007C2AAD4D33959890BF /* OneSignalSelectorHelpers.h */ = {isa = PBXFileReference; name = "OneSignalSelectorHelpers.h"; path = "onesignal-cordova-plugin-pgb-compat/OneSignalSelectorHelpers.h"; sourceTree = "<group>"; fileEncoding = 4; lastKnownFileType = sourcecode.c.h; explicitFileType = undefined; includeInIndex = 0; };
		5B12A3A7F0FB4716B5E114B4 /* UNUserNotificationCenter+OneSignal.h */ = {isa = PBXFileReference; name = "UNUserNotificationCenter+OneSignal.h"; path = "onesignal-cordova-plugin-pgb-compat/UNUserNotificationCenter+OneSignal.h"; sourceTree = "<group>"; fileEncoding = 4; lastKnownFileType = sourcecode.c.h; explicitFileType = undefined; includeInIndex = 0; };
		A8CF1063C2734A289C95ED46 /* UIApplicationDelegate+OneSignal.h */ = {isa = PBXFileReference; name = "UIApplicationDelegate+OneSignal.h"; path = "onesignal-cordova-plugin-pgb-compat/UIApplicationDelegate+OneSignal.h"; sourceTree = "<group>"; fileEncoding = 4; lastKnownFileType = sourcecode.c.h; explicitFileType = undefined; includeInIndex = 0; };
		FE83BBE641134AE8B866EB5E /* OneSignal.m */ = {isa = PBXFileReference; name = "OneSignal.m"; path = "onesignal-cordova-plugin-pgb-compat/OneSignal.m"; sourceTree = "<group>"; fileEncoding = 4; lastKnownFileType = sourcecode.c.objc; explicitFileType = undefined; includeInIndex = 0; };
		DB1E27752BD548D1997B1414 /* OneSignalHTTPClient.m */ = {isa = PBXFileReference; name = "OneSignalHTTPClient.m"; path = "onesignal-cordova-plugin-pgb-compat/OneSignalHTTPClient.m"; sourceTree = "<group>"; fileEncoding = 4; lastKnownFileType = sourcecode.c.objc; explicitFileType = undefined; includeInIndex = 0; };
		9D59670DD77943C68BCC0689 /* OneSignalTrackIAP.m */ = {isa = PBXFileReference; name = "OneSignalTrackIAP.m"; path = "onesignal-cordova-plugin-pgb-compat/OneSignalTrackIAP.m"; sourceTree = "<group>"; fileEncoding = 4; lastKnownFileType = sourcecode.c.objc; explicitFileType = undefined; includeInIndex = 0; };
		A3A1AD19863246DEABF35C15 /* OneSignalJailbreakDetection.m */ = {isa = PBXFileReference; name = "OneSignalJailbreakDetection.m"; path = "onesignal-cordova-plugin-pgb-compat/OneSignalJailbreakDetection.m"; sourceTree = "<group>"; fileEncoding = 4; lastKnownFileType = sourcecode.c.objc; explicitFileType = undefined; includeInIndex = 0; };
		88420E19C07D45F4AACAEE12 /* OneSignalReachability.m */ = {isa = PBXFileReference; name = "OneSignalReachability.m"; path = "onesignal-cordova-plugin-pgb-compat/OneSignalReachability.m"; sourceTree = "<group>"; fileEncoding = 4; lastKnownFileType = sourcecode.c.objc; explicitFileType = undefined; includeInIndex = 0; };
		9C5FE02F1C3E46D884630A93 /* OneSignalMobileProvision.m */ = {isa = PBXFileReference; name = "OneSignalMobileProvision.m"; path = "onesignal-cordova-plugin-pgb-compat/OneSignalMobileProvision.m"; sourceTree = "<group>"; fileEncoding = 4; lastKnownFileType = sourcecode.c.objc; explicitFileType = undefined; includeInIndex = 0; };
		FC75437B1DC847779B85EEDD /* OneSignalLocation.m */ = {isa = PBXFileReference; name = "OneSignalLocation.m"; path = "onesignal-cordova-plugin-pgb-compat/OneSignalLocation.m"; sourceTree = "<group>"; fileEncoding = 4; lastKnownFileType = sourcecode.c.objc; explicitFileType = undefined; includeInIndex = 0; };
		4B1DA45B71A24B52926739C0 /* OneSignalAlertViewDelegate.m */ = {isa = PBXFileReference; name = "OneSignalAlertViewDelegate.m"; path = "onesignal-cordova-plugin-pgb-compat/OneSignalAlertViewDelegate.m"; sourceTree = "<group>"; fileEncoding = 4; lastKnownFileType = sourcecode.c.objc; explicitFileType = undefined; includeInIndex = 0; };
		50EF56C196EC41E4A0CFFE36 /* OneSignalTracker.m */ = {isa = PBXFileReference; name = "OneSignalTracker.m"; path = "onesignal-cordova-plugin-pgb-compat/OneSignalTracker.m"; sourceTree = "<group>"; fileEncoding = 4; lastKnownFileType = sourcecode.c.objc; explicitFileType = undefined; includeInIndex = 0; };
		C0F3E019F43B4F1C97D2DC6F /* OneSignalHelper.m */ = {isa = PBXFileReference; name = "OneSignalHelper.m"; path = "onesignal-cordova-plugin-pgb-compat/OneSignalHelper.m"; sourceTree = "<group>"; fileEncoding = 4; lastKnownFileType = sourcecode.c.objc; explicitFileType = undefined; includeInIndex = 0; };
		E63B6CC33B274C0395501103 /* OneSignalWebView.m */ = {isa = PBXFileReference; name = "OneSignalWebView.m"; path = "onesignal-cordova-plugin-pgb-compat/OneSignalWebView.m"; sourceTree = "<group>"; fileEncoding = 4; lastKnownFileType = sourcecode.c.objc; explicitFileType = undefined; includeInIndex = 0; };
		C306E32380E7438CB6693722 /* OneSignalPush.m */ = {isa = PBXFileReference; name = "OneSignalPush.m"; path = "onesignal-cordova-plugin-pgb-compat/OneSignalPush.m"; sourceTree = "<group>"; fileEncoding = 4; lastKnownFileType = sourcecode.c.objc; explicitFileType = undefined; includeInIndex = 0; };
		726C184B8D3D47D0BEA89B6C /* OneSignalSelectorHelpers.m */ = {isa = PBXFileReference; name = "OneSignalSelectorHelpers.m"; path = "onesignal-cordova-plugin-pgb-compat/OneSignalSelectorHelpers.m"; sourceTree = "<group>"; fileEncoding = 4; lastKnownFileType = sourcecode.c.objc; explicitFileType = undefined; includeInIndex = 0; };
		E56A4E685D654968815EF0E0 /* UNUserNotificationCenter+OneSignal.m */ = {isa = PBXFileReference; name = "UNUserNotificationCenter+OneSignal.m"; path = "onesignal-cordova-plugin-pgb-compat/UNUserNotificationCenter+OneSignal.m"; sourceTree = "<group>"; fileEncoding = 4; lastKnownFileType = sourcecode.c.objc; explicitFileType = undefined; includeInIndex = 0; };
		C0491847C53147408EF97238 /* UIApplicationDelegate+OneSignal.m */ = {isa = PBXFileReference; name = "UIApplicationDelegate+OneSignal.m"; path = "onesignal-cordova-plugin-pgb-compat/UIApplicationDelegate+OneSignal.m"; sourceTree = "<group>"; fileEncoding = 4; lastKnownFileType = sourcecode.c.objc; explicitFileType = undefined; includeInIndex = 0; };
		C769995FBAED43A281B0B0AF /* OneSignal.h */ = {isa = PBXFileReference; name = "OneSignal.h"; path = "onesignal-cordova-plugin-pgb-compat/OneSignal.h"; sourceTree = "<group>"; fileEncoding = 4; lastKnownFileType = sourcecode.c.h; explicitFileType = undefined; includeInIndex = 0; };
		B0A4F6CE86264D4C9B880D1C /* OneSignalHTTPClient.h */ = {isa = PBXFileReference; name = "OneSignalHTTPClient.h"; path = "onesignal-cordova-plugin-pgb-compat/OneSignalHTTPClient.h"; sourceTree = "<group>"; fileEncoding = 4; lastKnownFileType = sourcecode.c.h; explicitFileType = undefined; includeInIndex = 0; };
		15D095C155544B329CFB39EF /* OneSignalTrackIAP.h */ = {isa = PBXFileReference; name = "OneSignalTrackIAP.h"; path = "onesignal-cordova-plugin-pgb-compat/OneSignalTrackIAP.h"; sourceTree = "<group>"; fileEncoding = 4; lastKnownFileType = sourcecode.c.h; explicitFileType = undefined; includeInIndex = 0; };
		C04C39AB21B843B6BEA0864B /* OneSignalJailbreakDetection.h */ = {isa = PBXFileReference; name = "OneSignalJailbreakDetection.h"; path = "onesignal-cordova-plugin-pgb-compat/OneSignalJailbreakDetection.h"; sourceTree = "<group>"; fileEncoding = 4; lastKnownFileType = sourcecode.c.h; explicitFileType = undefined; includeInIndex = 0; };
		ACC1776545D846CCA1093136 /* OneSignalReachability.h */ = {isa = PBXFileReference; name = "OneSignalReachability.h"; path = "onesignal-cordova-plugin-pgb-compat/OneSignalReachability.h"; sourceTree = "<group>"; fileEncoding = 4; lastKnownFileType = sourcecode.c.h; explicitFileType = undefined; includeInIndex = 0; };
		CCCC8BE6A06E429B9D68E92D /* OneSignalMobileProvision.h */ = {isa = PBXFileReference; name = "OneSignalMobileProvision.h"; path = "onesignal-cordova-plugin-pgb-compat/OneSignalMobileProvision.h"; sourceTree = "<group>"; fileEncoding = 4; lastKnownFileType = sourcecode.c.h; explicitFileType = undefined; includeInIndex = 0; };
		F002EC9C14F64099B35174B2 /* OneSignalLocation.h */ = {isa = PBXFileReference; name = "OneSignalLocation.h"; path = "onesignal-cordova-plugin-pgb-compat/OneSignalLocation.h"; sourceTree = "<group>"; fileEncoding = 4; lastKnownFileType = sourcecode.c.h; explicitFileType = undefined; includeInIndex = 0; };
		A8789F0CD38742648EE37F31 /* OneSignalAlertViewDelegate.h */ = {isa = PBXFileReference; name = "OneSignalAlertViewDelegate.h"; path = "onesignal-cordova-plugin-pgb-compat/OneSignalAlertViewDelegate.h"; sourceTree = "<group>"; fileEncoding = 4; lastKnownFileType = sourcecode.c.h; explicitFileType = undefined; includeInIndex = 0; };
		0C30AD3B655B477FB4D24F6B /* OneSignalHelper.h */ = {isa = PBXFileReference; name = "OneSignalHelper.h"; path = "onesignal-cordova-plugin-pgb-compat/OneSignalHelper.h"; sourceTree = "<group>"; fileEncoding = 4; lastKnownFileType = sourcecode.c.h; explicitFileType = undefined; includeInIndex = 0; };
		D47225A9A424412E93C1825D /* OneSignalTracker.h */ = {isa = PBXFileReference; name = "OneSignalTracker.h"; path = "onesignal-cordova-plugin-pgb-compat/OneSignalTracker.h"; sourceTree = "<group>"; fileEncoding = 4; lastKnownFileType = sourcecode.c.h; explicitFileType = undefined; includeInIndex = 0; };
		F82C0669AB6B4BDCBF21035B /* OneSignalWebView.h */ = {isa = PBXFileReference; name = "OneSignalWebView.h"; path = "onesignal-cordova-plugin-pgb-compat/OneSignalWebView.h"; sourceTree = "<group>"; fileEncoding = 4; lastKnownFileType = sourcecode.c.h; explicitFileType = undefined; includeInIndex = 0; };
		0A56F2D6D70748129C8115AA /* OneSignal-Prefix.pch */ = {isa = PBXFileReference; name = "OneSignal-Prefix.pch"; path = "onesignal-cordova-plugin-pgb-compat/OneSignal-Prefix.pch"; sourceTree = "<group>"; fileEncoding = 4; lastKnownFileType = sourcecode.c.h; explicitFileType = undefined; includeInIndex = 0; };
/* End PBXFileReference section */

/* Begin PBXFrameworksBuildPhase section */
		1D60588F0D05DD3D006BFB54 /* Frameworks */ = {
			isa = PBXFrameworksBuildPhase;
			buildActionMask = 2147483647;
			files = (
				301BF552109A68D80062928A /* libCordova.a in Frameworks */,
				2C452D38AAC44E3F8BD179BD /* libCordovaGenericAd.a in Frameworks */,
				FB2D58DCC01846A3A0995151 /* CFNetwork.framework in Frameworks */,
				846FDB8CB0C04AB385F2B803 /* GoogleMobileAds.framework in Frameworks */,
				54864BD21C5E4EF598FDD9A2 /* AdSupport.framework in Frameworks */,
				87D9A30BD4244C49B349A363 /* AudioToolbox.framework in Frameworks */,
				88F539F7534845E59DE79722 /* AVFoundation.framework in Frameworks */,
				86043A263F5C49769F7F8A0A /* CoreBluetooth.framework in Frameworks */,
				C924271FAFD54DBE92F20A18 /* CoreLocation.framework in Frameworks */,
				2395FBA81E91426898374C0C /* CoreMedia.framework in Frameworks */,
				CD0B548E56A54A72ACD4E389 /* CoreMotion.framework in Frameworks */,
				08E1C32DDF204F16B33EEC11 /* CoreTelephony.framework in Frameworks */,
				8924D457BA054015A93BF907 /* CoreVideo.framework in Frameworks */,
				C6D57AC1EDD940B98672C988 /* EventKit.framework in Frameworks */,
				3EB13C87668044C888A79DD3 /* EventKitUI.framework in Frameworks */,
				9A24600E27E449459B0E11D3 /* Foundation.framework in Frameworks */,
				5B99CBD249E445D39082734D /* GLKit.framework in Frameworks */,
				AF3C9412725045DC99003C2C /* MediaPlayer.framework in Frameworks */,
				C5AB1820E3764E8A9AC3BE34 /* MessageUI.framework in Frameworks */,
				17A123FCCC9B41A0915D765A /* OpenGLES.framework in Frameworks */,
				7392130C15DD4CA7804A224F /* SafariServices.framework in Frameworks */,
				D44DF663575C47D0A9B09664 /* StoreKit.framework in Frameworks */,
				B978C5079A224561931DEEF5 /* SystemConfiguration.framework in Frameworks */,
				0E501B081CB241D99F7A7730 /* UIKit.framework in Frameworks */,
			);
			runOnlyForDeploymentPostprocessing = 0;
		};
/* End PBXFrameworksBuildPhase section */

/* Begin PBXGroup section */
		080E96DDFE201D6D7F000001 /* Classes */ = {
			isa = PBXGroup;
			children = (
				302D95EE14D2391D003F00A1 /* MainViewController.h */,
				302D95EF14D2391D003F00A1 /* MainViewController.m */,
				302D95F014D2391D003F00A1 /* MainViewController.xib */,
				1D3623240D0F684500981E51 /* AppDelegate.h */,
				1D3623250D0F684500981E51 /* AppDelegate.m */,
			);
			name = Classes;
			path = "HelloWorld/Classes";
			sourceTree = SOURCE_ROOT;
		};
		19C28FACFE9D520D11CA2CBB /* Products */ = {
			isa = PBXGroup;
			children = (
				1D6058910D05DD3D006BFB54 /* HelloWorld.app */,
			);
			name = Products;
			sourceTree = "<group>";
		};
		29B97314FDCFA39411CA2CEA /* CustomTemplate */ = {
			isa = PBXGroup;
			children = (
				EB87FDF41871DAF40020F90C /* config.xml */,
				EB87FDF31871DA8E0020F90C /* www */,
				EB87FDF11871DA420020F90C /* Staging */,
				301BF52D109A57CC0062928A /* CordovaLib.xcodeproj */,
				080E96DDFE201D6D7F000001 /* Classes */,
				307C750510C5A3420062BCA9 /* Plugins */,
				29B97315FDCFA39411CA2CEA /* Other Sources */,
				29B97317FDCFA39411CA2CEA /* Resources */,
				29B97323FDCFA39411CA2CEA /* Frameworks */,
				19C28FACFE9D520D11CA2CBB /* Products */,
			);
			name = CustomTemplate;
			sourceTree = "<group>";
		};
		29B97315FDCFA39411CA2CEA /* Other Sources */ = {
			isa = PBXGroup;
			children = (
				32CA4F630368D1EE00C91783 /* HelloWorld-Prefix.pch */,
				29B97316FDCFA39411CA2CEA /* main.m */,
				ED33DF2A687741AEAF9F8254 /* Bridging-Header.h */,
			);
			name = "Other Sources";
			path = "HelloWorld";
			sourceTree = "<group>";
		};
		29B97317FDCFA39411CA2CEA /* Resources */ = {
			isa = PBXGroup;
			children = (
				0207DA571B56EA530066E2B4 /* Images.xcassets */,
				3047A50E1AB8057F00498E2A /* config */,
				8D1107310486CEB800E47090 /* HelloWorld-Info.plist */,
				6AFF5BF81D6E424B00AB3073 /* CDVLaunchScreen.storyboard */,
			);
			name = Resources;
			path = "HelloWorld/Resources";
			sourceTree = "<group>";
		};
		29B97323FDCFA39411CA2CEA /* Frameworks */ = {
			isa = PBXGroup;
			children = (
				794152FD5C7B4E77BB36211B /* libCordovaGenericAd.a */,
				5640408C6F0C44F7AF072282 /* CFNetwork.framework */,
				29F8534A82B14FD8862C71E5 /* GoogleMobileAds.framework */,
				4A6F82AD62A6452BA7BA781B /* AdSupport.framework */,
				6651C6FA9EB44450B2275ECE /* AudioToolbox.framework */,
				FF1805E9383844D4BBBD74BD /* AVFoundation.framework */,
				D9171D0EB7C14B28990B7224 /* CoreBluetooth.framework */,
				0A810C631F954AA187DE1191 /* CoreLocation.framework */,
				848EAD8CFF83438192D26BBD /* CoreMedia.framework */,
				F24B15AC83324A05B356A76A /* CoreMotion.framework */,
				11821D6CA3EC4A7CBFA3A2D5 /* CoreTelephony.framework */,
				D9BD85B3CEB44AD885CF1EF5 /* CoreVideo.framework */,
				98746C9D11074872BE444F75 /* EventKit.framework */,
				7C4FE7F1B9F94E66B157337F /* EventKitUI.framework */,
				A1D37EE0DB474753A7218A2F /* Foundation.framework */,
				ED9AA73AF73C4892BF4EECFB /* GLKit.framework */,
				E10EE78C50B949F884F63D80 /* MediaPlayer.framework */,
				0C851691A9404BD7AA7C18D2 /* MessageUI.framework */,
				CDACA996ED064ABB80FB1744 /* OpenGLES.framework */,
				EEA5008F0069478DBEE98536 /* SafariServices.framework */,
				405E197327EB444B82E76F84 /* StoreKit.framework */,
				EC4A9FA5D1B94C569466E16E /* SystemConfiguration.framework */,
				996DE0AEC22F4429A9959AA7 /* UIKit.framework */,
			);
			name = Frameworks;
			sourceTree = "<group>";
		};
		301BF52E109A57CC0062928A /* Products */ = {
			isa = PBXGroup;
			children = (
				301BF535109A57CC0062928A /* libCordova.a */,
			);
			name = Products;
			sourceTree = "<group>";
		};
		3047A50E1AB8057F00498E2A /* config */ = {
			isa = PBXGroup;
			children = (
				3047A50F1AB8059700498E2A /* build-debug.xcconfig */,
				3047A5101AB8059700498E2A /* build-release.xcconfig */,
				3047A5111AB8059700498E2A /* build.xcconfig */,
			);
			name = config;
			sourceTree = "<group>";
		};
		307C750510C5A3420062BCA9 /* Plugins */ = {
			isa = PBXGroup;
			children = (
				A42F7E9940BE419C89BD224C /* CDVPluginExt.m */,
				023649CA3B0642A99C7DFBE8 /* PluginAdapterDelegate.h */,
				0596758962B74220A709F325 /* CDVPluginExt.h */,
				EB290150D86B406BA5ABF86F /* GenericAdPlugin.h */,
				0222298D4F964B37979F631E /* CDVAdMobPlugin.m */,
				5FBA7EC6043C47E596BA6BAD /* AdMobMediation.m */,
				13CDE3170B8C485BAE458D7B /* CDVAdMobPlugin.h */,
				C47A7BCC825B46719105382F /* AdMobMediation.h */,
				7A0C234FFB6446FCB919B73F /* OneSignalPush.h */,
				4E03007C2AAD4D33959890BF /* OneSignalSelectorHelpers.h */,
				5B12A3A7F0FB4716B5E114B4 /* UNUserNotificationCenter+OneSignal.h */,
				A8CF1063C2734A289C95ED46 /* UIApplicationDelegate+OneSignal.h */,
				FE83BBE641134AE8B866EB5E /* OneSignal.m */,
				DB1E27752BD548D1997B1414 /* OneSignalHTTPClient.m */,
				9D59670DD77943C68BCC0689 /* OneSignalTrackIAP.m */,
				A3A1AD19863246DEABF35C15 /* OneSignalJailbreakDetection.m */,
				88420E19C07D45F4AACAEE12 /* OneSignalReachability.m */,
				9C5FE02F1C3E46D884630A93 /* OneSignalMobileProvision.m */,
				FC75437B1DC847779B85EEDD /* OneSignalLocation.m */,
				4B1DA45B71A24B52926739C0 /* OneSignalAlertViewDelegate.m */,
				50EF56C196EC41E4A0CFFE36 /* OneSignalTracker.m */,
				C0F3E019F43B4F1C97D2DC6F /* OneSignalHelper.m */,
				E63B6CC33B274C0395501103 /* OneSignalWebView.m */,
				C306E32380E7438CB6693722 /* OneSignalPush.m */,
				726C184B8D3D47D0BEA89B6C /* OneSignalSelectorHelpers.m */,
				E56A4E685D654968815EF0E0 /* UNUserNotificationCenter+OneSignal.m */,
				C0491847C53147408EF97238 /* UIApplicationDelegate+OneSignal.m */,
				C769995FBAED43A281B0B0AF /* OneSignal.h */,
				B0A4F6CE86264D4C9B880D1C /* OneSignalHTTPClient.h */,
				15D095C155544B329CFB39EF /* OneSignalTrackIAP.h */,
				C04C39AB21B843B6BEA0864B /* OneSignalJailbreakDetection.h */,
				ACC1776545D846CCA1093136 /* OneSignalReachability.h */,
				CCCC8BE6A06E429B9D68E92D /* OneSignalMobileProvision.h */,
				F002EC9C14F64099B35174B2 /* OneSignalLocation.h */,
				A8789F0CD38742648EE37F31 /* OneSignalAlertViewDelegate.h */,
				0C30AD3B655B477FB4D24F6B /* OneSignalHelper.h */,
				D47225A9A424412E93C1825D /* OneSignalTracker.h */,
				F82C0669AB6B4BDCBF21035B /* OneSignalWebView.h */,
				0A56F2D6D70748129C8115AA /* OneSignal-Prefix.pch */,
			);
			name = Plugins;
			path = "HelloWorld/Plugins";
			sourceTree = SOURCE_ROOT;
		};
		EB87FDF11871DA420020F90C /* Staging */ = {
			isa = PBXGroup;
			children = (
				F840E1F0165FE0F500CFE078 /* config.xml */,
				301BF56E109A69640062928A /* www */,
			);
			name = Staging;
			sourceTree = "<group>";
		};
/* End PBXGroup section */

/* Begin PBXNativeTarget section */
		1D6058900D05DD3D006BFB54 /* HelloWorld */ = {
			isa = PBXNativeTarget;
			buildConfigurationList = 1D6058960D05DD3E006BFB54 /* Build configuration list for PBXNativeTarget "HelloWorld" */;
			buildPhases = (
				304B58A110DAC018002A0835 /* Copy www directory */,
				1D60588D0D05DD3D006BFB54 /* Resources */,
				1D60588E0D05DD3D006BFB54 /* Sources */,
				1D60588F0D05DD3D006BFB54 /* Frameworks */,
			);
			buildRules = (
			);
			dependencies = (
				301BF551109A68C00062928A /* PBXTargetDependency */,
			);
			name = "HelloWorld";
			productName = "HelloWorld";
			productReference = 1D6058910D05DD3D006BFB54 /* HelloWorld.app */;
			productType = "com.apple.product-type.application";
		};
/* End PBXNativeTarget section */

/* Begin PBXProject section */
		29B97313FDCFA39411CA2CEA /* Project object */ = {
			isa = PBXProject;
			attributes = {
				LastUpgradeCheck = 510;
			};
			buildConfigurationList = C01FCF4E08A954540054247B /* Build configuration list for PBXProject "__NON-CLI__" */;
			compatibilityVersion = "Xcode 3.2";
			developmentRegion = English;
			hasScannedForEncodings = 1;
			mainGroup = 29B97314FDCFA39411CA2CEA /* CustomTemplate */;
			projectDirPath = "";
			projectReferences = (
				{
					ProductGroup = 301BF52E109A57CC0062928A /* Products */;
					ProjectRef = 301BF52D109A57CC0062928A /* CordovaLib.xcodeproj */;
				},
			);
			projectRoot = "";
			targets = (
				1D6058900D05DD3D006BFB54 /* HelloWorld */,
			);
		};
/* End PBXProject section */

/* Begin PBXReferenceProxy section */
		301BF535109A57CC0062928A /* libCordova.a */ = {
			isa = PBXReferenceProxy;
			fileType = archive.ar;
			path = libCordova.a;
			remoteRef = 301BF534109A57CC0062928A /* PBXContainerItemProxy */;
			sourceTree = BUILT_PRODUCTS_DIR;
		};
/* End PBXReferenceProxy section */

/* Begin PBXResourcesBuildPhase section */
		1D60588D0D05DD3D006BFB54 /* Resources */ = {
			isa = PBXResourcesBuildPhase;
			buildActionMask = 2147483647;
			files = (
				302D95F214D2391D003F00A1 /* MainViewController.xib in Resources */,
				0207DA581B56EA530066E2B4 /* Images.xcassets in Resources */,
				6AFF5BF91D6E424B00AB3073 /* CDVLaunchScreen.storyboard in Resources */,
			);
			runOnlyForDeploymentPostprocessing = 0;
		};
/* End PBXResourcesBuildPhase section */

/* Begin PBXShellScriptBuildPhase section */
		304B58A110DAC018002A0835 /* Copy www directory */ = {
			isa = PBXShellScriptBuildPhase;
			buildActionMask = 2147483647;
			files = (
			);
			inputPaths = (
			);
			name = "Copy www directory";
			outputPaths = (
			);
			runOnlyForDeploymentPostprocessing = 0;
			shellPath = /bin/sh;
			shellScript = "NODEJS_PATH=/usr/local/bin; NVM_NODE_PATH=~/.nvm/versions/node/`nvm version 2>/dev/null`/bin; N_NODE_PATH=`find /usr/local/n/versions/node/* -maxdepth 0 -type d 2>/dev/null | tail -1`/bin; XCODE_NODE_PATH=`xcode-select --print-path`/usr/share/xcs/Node/bin; PATH=$NODEJS_PATH:$NVM_NODE_PATH:$N_NODE_PATH:$XCODE_NODE_PATH:$PATH && node cordova/lib/copy-www-build-step.js";
			showEnvVarsInLog = 0;
		};
/* End PBXShellScriptBuildPhase section */

/* Begin PBXSourcesBuildPhase section */
		1D60588E0D05DD3D006BFB54 /* Sources */ = {
			isa = PBXSourcesBuildPhase;
			buildActionMask = 2147483647;
			files = (
				1D60589B0D05DD56006BFB54 /* main.m in Sources */,
				1D3623260D0F684500981E51 /* AppDelegate.m in Sources */,
				302D95F114D2391D003F00A1 /* MainViewController.m in Sources */,
				C90F4A4911A446E49BB52675 /* CDVPluginExt.m in Sources */,
				A351C125289845D68D777AE0 /* CDVAdMobPlugin.m in Sources */,
				6C858FA32B4B4796A8615760 /* AdMobMediation.m in Sources */,
				0BD92E93F512485884CE2137 /* OneSignalPush.h in Resources */,
				98F181C5A2AD4951B89C252F /* OneSignalSelectorHelpers.h in Resources */,
				E21E49A172D240C2BE8B81BD /* UNUserNotificationCenter+OneSignal.h in Resources */,
				2B90F071B3604E2290FA4856 /* UIApplicationDelegate+OneSignal.h in Resources */,
				3CDA5E8339884ABC892DDF6F /* OneSignal.m in Sources */,
				CD3ED53E8687464498B79043 /* OneSignalHTTPClient.m in Sources */,
				5776B1C32067461895C8359B /* OneSignalTrackIAP.m in Sources */,
				8C83564A2571494FA25FA8BC /* OneSignalJailbreakDetection.m in Sources */,
				7B6B9D3DF8D64577A9641BB8 /* OneSignalReachability.m in Sources */,
				4A0C68EEE2344540B8FD76B5 /* OneSignalMobileProvision.m in Sources */,
				75F03AD376AC409091A6D10B /* OneSignalLocation.m in Sources */,
				F9541EC10FD941CD8BCA75A5 /* OneSignalAlertViewDelegate.m in Sources */,
				478B4FF63A6E4DC7A8DD2C27 /* OneSignalTracker.m in Sources */,
				82CCB74B2931400B9622A03B /* OneSignalHelper.m in Sources */,
				508FBC71A3084EBA9BC48231 /* OneSignalWebView.m in Sources */,
				DC78CBA96EB94230B619486A /* OneSignalPush.m in Sources */,
				496A0D360E60475B991A9431 /* OneSignalSelectorHelpers.m in Sources */,
				0E479BBA8BDD41639C938CDC /* UNUserNotificationCenter+OneSignal.m in Sources */,
				47D2260884514F6381536501 /* UIApplicationDelegate+OneSignal.m in Sources */,
			);
			runOnlyForDeploymentPostprocessing = 0;
		};
/* End PBXSourcesBuildPhase section */

/* Begin PBXTargetDependency section */
		301BF551109A68C00062928A /* PBXTargetDependency */ = {
			isa = PBXTargetDependency;
			name = CordovaLib;
			targetProxy = 301BF550109A68C00062928A /* PBXContainerItemProxy */;
		};
/* End PBXTargetDependency section */

/* Begin XCBuildConfiguration section */
		1D6058940D05DD3E006BFB54 /* Debug */ = {
			isa = XCBuildConfiguration;
			baseConfigurationReference = 3047A50F1AB8059700498E2A /* build-debug.xcconfig */;
			buildSettings = {
				ALWAYS_SEARCH_USER_PATHS = NO;
				ASSETCATALOG_COMPILER_APPICON_NAME = AppIcon;
				ASSETCATALOG_COMPILER_LAUNCHIMAGE_NAME = LaunchImage;
				CLANG_ENABLE_MODULES = YES;
				CLANG_ENABLE_OBJC_ARC = YES;
				COPY_PHASE_STRIP = NO;
				GCC_DYNAMIC_NO_PIC = NO;
				GCC_OPTIMIZATION_LEVEL = 0;
				GCC_PRECOMPILE_PREFIX_HEADER = YES;
				GCC_PREFIX_HEADER = "HelloWorld/HelloWorld-Prefix.pch";
				GCC_THUMB_SUPPORT = NO;
				GCC_VERSION = "";
				INFOPLIST_FILE = "HelloWorld/HelloWorld-Info.plist";
				IPHONEOS_DEPLOYMENT_TARGET = 9.0;
				LD_RUNPATH_SEARCH_PATHS = "@executable_path/Frameworks";
				TARGETED_DEVICE_FAMILY = "1,2";
				PRODUCT_NAME = "HelloWorld";
				LIBRARY_SEARCH_PATHS = (
					"$(inherited)",
					"\"$(SRCROOT)/HelloWorld/Plugins/cordova-plugin-extension\"",
				);
				FRAMEWORK_SEARCH_PATHS = (
					"$(inherited)",
					"\"HelloWorld/Plugins/cordova-plugin-admobpro\"",
				);
			};
			name = Debug;
		};
		1D6058950D05DD3E006BFB54 /* Release */ = {
			isa = XCBuildConfiguration;
			baseConfigurationReference = 3047A5101AB8059700498E2A /* build-release.xcconfig */;
			buildSettings = {
				ALWAYS_SEARCH_USER_PATHS = NO;
				ASSETCATALOG_COMPILER_APPICON_NAME = AppIcon;
				ASSETCATALOG_COMPILER_LAUNCHIMAGE_NAME = LaunchImage;
				CLANG_ENABLE_MODULES = YES;
				CLANG_ENABLE_OBJC_ARC = YES;
				COPY_PHASE_STRIP = YES;
				GCC_PRECOMPILE_PREFIX_HEADER = YES;
				GCC_PREFIX_HEADER = "HelloWorld/HelloWorld-Prefix.pch";
				GCC_THUMB_SUPPORT = NO;
				GCC_VERSION = "";
				INFOPLIST_FILE = "HelloWorld/HelloWorld-Info.plist";
				IPHONEOS_DEPLOYMENT_TARGET = 9.0;
				LD_RUNPATH_SEARCH_PATHS = "@executable_path/Frameworks";
				TARGETED_DEVICE_FAMILY = "1,2";
				PRODUCT_NAME = "HelloWorld";
				LIBRARY_SEARCH_PATHS = (
					"$(inherited)",
					"\"$(SRCROOT)/HelloWorld/Plugins/cordova-plugin-extension\"",
				);
				FRAMEWORK_SEARCH_PATHS = (
					"$(inherited)",
					"\"HelloWorld/Plugins/cordova-plugin-admobpro\"",
				);
			};
			name = Release;
		};
		C01FCF4F08A954540054247B /* Debug */ = {
			isa = XCBuildConfiguration;
			baseConfigurationReference = 3047A5111AB8059700498E2A /* build.xcconfig */;
			buildSettings = {
				CLANG_ENABLE_MODULES = YES;
				CLANG_ENABLE_OBJC_ARC = YES;
				CLANG_WARN_BOOL_CONVERSION = YES;
				CLANG_WARN_CONSTANT_CONVERSION = YES;
				CLANG_WARN_EMPTY_BODY = YES;
				CLANG_WARN_ENUM_CONVERSION = YES;
				CLANG_WARN_INT_CONVERSION = YES;
				CLANG_WARN__DUPLICATE_METHOD_MATCH = YES;
				GCC_C_LANGUAGE_STANDARD = c99;
				GCC_THUMB_SUPPORT = NO;
				GCC_VERSION = "";
				GCC_WARN_ABOUT_RETURN_TYPE = YES;
				GCC_WARN_UNDECLARED_SELECTOR = YES;
				GCC_WARN_UNINITIALIZED_AUTOS = YES;
				GCC_WARN_UNUSED_FUNCTION = YES;
				GCC_WARN_UNUSED_VARIABLE = YES;
				ONLY_ACTIVE_ARCH = YES;
				SDKROOT = iphoneos;
				SKIP_INSTALL = NO;
			};
			name = Debug;
		};
		C01FCF5008A954540054247B /* Release */ = {
			isa = XCBuildConfiguration;
			baseConfigurationReference = 3047A5111AB8059700498E2A /* build.xcconfig */;
			buildSettings = {
				CLANG_ENABLE_MODULES = YES;
				CLANG_ENABLE_OBJC_ARC = YES;
				CLANG_WARN_BOOL_CONVERSION = YES;
				CLANG_WARN_CONSTANT_CONVERSION = YES;
				CLANG_WARN_EMPTY_BODY = YES;
				CLANG_WARN_ENUM_CONVERSION = YES;
				CLANG_WARN_INT_CONVERSION = YES;
				CLANG_WARN__DUPLICATE_METHOD_MATCH = YES;
				GCC_C_LANGUAGE_STANDARD = c99;
				GCC_THUMB_SUPPORT = NO;
				GCC_VERSION = "";
				GCC_WARN_ABOUT_RETURN_TYPE = YES;
				GCC_WARN_UNDECLARED_SELECTOR = YES;
				GCC_WARN_UNINITIALIZED_AUTOS = YES;
				GCC_WARN_UNUSED_FUNCTION = YES;
				GCC_WARN_UNUSED_VARIABLE = YES;
				SDKROOT = iphoneos;
				SKIP_INSTALL = NO;
			};
			name = Release;
		};
/* End XCBuildConfiguration section */

/* Begin XCConfigurationList section */
		1D6058960D05DD3E006BFB54 /* Build configuration list for PBXNativeTarget "HelloWorld" */ = {
			isa = XCConfigurationList;
			buildConfigurations = (
				1D6058940D05DD3E006BFB54 /* Debug */,
				1D6058950D05DD3E006BFB54 /* Release */,
			);
			defaultConfigurationIsVisible = 0;
			defaultConfigurationName = Release;
		};
		C01FCF4E08A954540054247B /* Build configuration list for PBXProject "__NON-CLI__" */ = {
			isa = XCConfigurationList;
			buildConfigurations = (
				C01FCF4F08A954540054247B /* Debug */,
				C01FCF5008A954540054247B /* Release */,
			);
			defaultConfigurationIsVisible = 0;
			defaultConfigurationName = Release;
		};
/* End XCConfigurationList section */
	};
	rootObject = 29B97313FDCFA39411CA2CEA /* Project object */;
}
